version = 1
revision = 3
requires-python = "==3.12.*"

[[package]]
name = "annotated-types"
version = "0.8.0"
source = { registry = "https://pypi.org/simple" }
sdist = { url = "https://files.pythonhosted.org/packages/5f/56/a8120250d128bed162cd73c76d45f6ef9991f3e068f62a8ee060afa3104a/annotated_types-0.8.0.tar.gz", hash = "sha256:13b2beaad985e05e2d6407ee4c4f35590b11f8d693a258a561055cac8f64cab7", size = 15893, upload-time = "2026-07-23T20:16:13.995Z" }
wheels = [
    { url = "https://files.pythonhosted.org/packages/99/91/8acff4f5e50511b911bbccb72b8628a49c68ce14148cd9f6431094859a90/annotated_types-0.8.0-py3-none-any.whl", hash = "sha256:f072f4d804ea359e4eaf198b1af7a8b0943881a87f31bb764f8bf219bb9419e0", size = 13427, upload-time = "2026-07-23T20:16:12.938Z" },
]

[[package]]
name = "anyio"
version = "4.15.1"
source = { registry = "https://pypi.org/simple" }
dependencies = [
    { name = "idna" },
    { name = "typing-extensions" },
]
sdist = { url = "https://files.pythonhosted.org/packages/a9/d2/f4d173e22df740bc37b1db102b386ba719b66e95b0f0d751f556b387e6d2/anyio-4.15.1.tar.gz", hash = "sha256:9f28306018cbd6d329e64a36d58256edff76dd996fe423bc957326e578b82a94", size = 276966, upload-time = "2026-09-05T10:42:39.44Z" }
wheels = [
    { url = "https://files.pythonhosted.org/packages/12/b8/4bd346e22b28902df4d651910f5242c28d84e4a5c2435ca5c3f797ed7e2e/anyio-4.15.1-py3-none-any.whl", hash = "sha256:6152fdbbf9a77fdec97731721bebf7c4c44f7c29b424b0065826173efc7ed101", size = 132079, upload-time = "2026-09-05T10:42:37.923Z" },
]

[[package]]
name = "asyncpg"
version = "0.30.0"
source = { registry = "https://pypi.org/simple" }
sdist = { url = "https://files.pythonhosted.org/packages/2f/4c/7c991e080e106d854809030d8584e15b2e996e26f16aee6d757e387bc17d/asyncpg-0.30.0.tar.gz", hash = "sha256:c551e9928ab6707602f44811817f82ba3c446e018bfe1d3abecc8ba5f3eac851", size = 957746, upload-time = "2024-10-20T00:30:41.127Z" }
wheels = [
    { url = "https://files.pythonhosted.org/packages/4b/64/9d3e887bb7b01535fdbc45fbd5f0a8447539833b97ee69ecdbb7a79d0cb4/asyncpg-0.30.0-cp312-cp312-macosx_10_13_x86_64.whl", hash = "sha256:c902a60b52e506d38d7e80e0dd5399f657220f24635fee368117b8b5fce1142e", size = 673162, upload-time = "2024-10-20T00:29:41.88Z" },
    { url = "https://files.pythonhosted.org/packages/6e/eb/8b236663f06984f212a087b3e849731f917ab80f84450e943900e8ca4052/asyncpg-0.30.0-cp312-cp312-macosx_11_0_arm64.whl", hash = "sha256:aca1548e43bbb9f0f627a04666fedaca23db0a31a84136ad1f868cb15deb6e3a", size = 637025, upload-time = "2024-10-20T00:29:43.352Z" },
    { url = "https://files.pythonhosted.org/packages/cc/57/2dc240bb263d58786cfaa60920779af6e8d32da63ab9ffc09f8312bd7a14/asyncpg-0.30.0-cp312-cp312-manylinux_2_17_aarch64.manylinux2014_aarch64.whl", hash = "sha256:6c2a2ef565400234a633da0eafdce27e843836256d40705d83ab7ec42074efb3", size = 3496243, upload-time = "2024-10-20T00:29:44.922Z" },
    { url = "https://files.pythonhosted.org/packages/f4/40/0ae9d061d278b10713ea9021ef6b703ec44698fe32178715a501ac696c6b/asyncpg-0.30.0-cp312-cp312-manylinux_2_17_x86_64.manylinux2014_x86_64.whl", hash = "sha256:1292b84ee06ac8a2ad8e51c7475aa309245874b61333d97411aab835c4a2f737", size = 3575059, upload-time = "2024-10-20T00:29:46.891Z" },
    { url = "https://files.pythonhosted.org/packages/c3/75/d6b895a35a2c6506952247640178e5f768eeb28b2e20299b6a6f1d743ba0/asyncpg-0.30.0-cp312-cp312-musllinux_1_2_aarch64.whl", hash = "sha256:0f5712350388d0cd0615caec629ad53c81e506b1abaaf8d14c93f54b35e3595a", size = 3473596, upload-time = "2024-10-20T00:29:49.201Z" },
    { url = "https://files.pythonhosted.org/packages/c8/e7/3693392d3e168ab0aebb2d361431375bd22ffc7b4a586a0fc060d519fae7/asyncpg-0.30.0-cp312-cp312-musllinux_1_2_x86_64.whl", hash = "sha256:db9891e2d76e6f425746c5d2da01921e9a16b5a71a1c905b13f30e12a257c4af", size = 3641632, upload-time = "2024-10-20T00:29:50.768Z" },
    { url = "https://files.pythonhosted.org/packages/32/ea/15670cea95745bba3f0352341db55f506a820b21c619ee66b7d12ea7867d/asyncpg-0.30.0-cp312-cp312-win32.whl", hash = "sha256:68d71a1be3d83d0570049cd1654a9bdfe506e794ecc98ad0873304a9f35e411e", size = 560186, upload-time = "2024-10-20T00:29:52.394Z" },
    { url = "https://files.pythonhosted.org/packages/7e/6b/fe1fad5cee79ca5f5c27aed7bd95baee529c1bf8a387435c8ba4fe53d5c1/asyncpg-0.30.0-cp312-cp312-win_amd64.whl", hash = "sha256:9a0292c6af5c500523949155ec17b7fe01a00ace33b68a476d6b5059f9630305", size = 621064, upload-time = "2024-10-20T00:29:53.757Z" },
]

[[package]]
name = "certifi"
version = "2026.7.22"
source = { registry = "https://pypi.org/simple" }
sdist = { url = "https://files.pythonhosted.org/packages/a3/c2/24167ea9858356b47a87a50d39908bfdb72ceeefe0041586e704e5376b3a/certifi-2026.7.22.tar.gz", hash = "sha256:741e2c3b351ddf169a738da9f2c048608ff7f2c5cc02f1ebc6b118bb090d5d55", size = 138112, upload-time = "2026-07-22T03:35:12.644Z" }
wheels = [
    { url = "https://files.pythonhosted.org/packages/0b/a7/71ac2cff56fec219ed242bb11b8efb69fcc4bec75db06fb7bfe35de520e6/certifi-2026.7.22-py3-none-any.whl", hash = "sha256:62f22742b58a1a33014a2b6b706588a8d7e2a88ae7bd1a6ebe8c992928483775", size = 136983, upload-time = "2026-07-22T03:35:11.276Z" },
]

[[package]]
name = "charset-normalizer"
version = "3.5.1"
source = { registry = "https://pypi.org/simple" }
sdist = { url = "https://files.pythonhosted.org/packages/e5/3f/143b048436775b0f76ac3eec145c019e8173ccc2885c8f20319b996d5e83/charset_normalizer-3.5.1.tar.gz", hash = "sha256:6117b84ea48435e5356dc737f5121485c30920ba43375fa7b434fd753df0eac3", size = 171764, upload-time = "2026-08-15T08:20:44.807Z" }
wheels = [
    { url = "https://files.pythonhosted.org/packages/30/27/78873dc8b6a56357517b74b6bb9568b80450e7bb4f6ef7e3fa9d22aa0bd7/charset_normalizer-3.5.1-cp312-cp312-macosx_10_13_universal2.whl", hash = "sha256:5b6d1386bf0096d26d3a863dc0a487a5b4eb9aa93cf5ba69683d29dde6b9d60f", size = 344456, upload-time = "2026-08-15T08:17:10.072Z" },
    { url = "https://files.pythonhosted.org/packages/9a/4c/be49ada26b1f0232d57aa89bbebf997a5cc2332a5616b6eca26ff680044d/charset_normalizer-3.5.1-cp312-cp312-manylinux2014_aarch64.manylinux_2_17_aarch64.manylinux_2_28_aarch64.whl", hash = "sha256:4582c27e8c889d64811987b5967fbd3ae0c823fe1fd933b543d55ac20bb475fa", size = 238530, upload-time = "2026-08-15T08:17:11.563Z" },
    { url = "https://files.pythonhosted.org/packages/76/84/6f1290fa07ae6978d3960caa3eb1b8019bf9284ab7c2297b00c099ef4250/charset_normalizer-3.5.1-cp312-cp312-manylinux2014_armv7l.manylinux_2_17_armv7l.manylinux_2_31_armv7l.whl", hash = "sha256:1d1c7a53a6c2103925cdd6d7229f8c567379f211c869793df679f2e9f738c369", size = 230200, upload-time = "2026-08-15T08:17:12.919Z" },
    { url = "https://files.pythonhosted.org/packages/e7/a0/47b18adeed31c8f16ba9700f32c1b18594cfa09f47eb672a488c273c22bf/charset_normalizer-3.5.1-cp312-cp312-manylinux2014_ppc64le.manylinux_2_17_ppc64le.manylinux_2_28_ppc64le.whl", hash = "sha256:e6621fb2a4988d6e53eedc455e5903e2679f3967b8acb3d639f1b63c14a2e893", size = 262222, upload-time = "2026-08-15T08:17:14.571Z" },
    { url = "https://files.pythonhosted.org/packages/38/fe/341861ac118dae06f3ec0eb487488af52128f2ef2faf0b11003944d22259/charset_normalizer-3.5.1-cp312-cp312-manylinux2014_s390x.manylinux_2_17_s390x.manylinux_2_28_s390x.whl", hash = "sha256:7c0c10730342b0c9b35dd1d619beb8214e520bd96a1f870f452680b238aab3e0", size = 258951, upload-time = "2026-08-15T08:17:16.158Z" },
    { url = "https://files.pythonhosted.org/packages/6f/89/bb5108dc6c3651dca963f2b0a3ba19bbcb370c94e1b6d3e0e844a58e6dca/charset_normalizer-3.5.1-cp312-cp312-manylinux2014_x86_64.manylinux_2_17_x86_64.manylinux_2_28_x86_64.whl", hash = "sha256:b9af956078716df40d985fb0dfeb2c2120c5ca92ba4ff4b388acfd01cdc14d08", size = 248801, upload-time = "2026-08-15T08:17:17.683Z" },
    { url = "https://files.pythonhosted.org/packages/b1/ba/ef83ae3aca816393decfa3530976f38a79812d707b80b580ac33b83f9877/charset_normalizer-3.5.1-cp312-cp312-manylinux_2_31_riscv64.manylinux_2_39_riscv64.whl", hash = "sha256:f9f8405c2c758532c74fed975dbee57be1f31a6e865c031870c79a6ed3212ada", size = 244070, upload-time = "2026-08-15T08:17:19.191Z" },
    { url = "https://files.pythonhosted.org/packages/f6/0b/c5292a2462d69b7378ea89793bbb5b2b6fcf6f7dd6d1667f9619094ad553/charset_normalizer-3.5.1-cp312-cp312-musllinux_1_2_aarch64.whl", hash = "sha256:96fef3e886d6a9874b14f27fc193fbdc69d5d8035783d86aa4e1cea594e695f9", size = 240110, upload-time = "2026-08-15T08:17:20.547Z" },
    { url = "https://files.pythonhosted.org/packages/46/22/111e5be3b740d5c2a5bfcedb3d237b6591e5c2e82ae9d6ffcb121fe0909c/charset_normalizer-3.5.1-cp312-cp312-musllinux_1_2_armv7l.whl", hash = "sha256:5d8531a6569d025f68e2321e7638fb7978f23db58e5f69f56913837aae03816e", size = 232836, upload-time = "2026-08-15T08:17:21.895Z" },
    { url = "https://files.pythonhosted.org/packages/f9/d2/d2aad6fe0dbb44b194bf3becb60f5a0ac48446ade999a47fe7bb41eb09a7/charset_normalizer-3.5.1-cp312-cp312-musllinux_1_2_ppc64le.whl", hash = "sha256:aae2ee51122d3ae968a3837d97dc24a0aeebb0dea23694422cd172bd30017cd6", size = 262712, upload-time = "2026-08-15T08:17:23.727Z" },
    { url = "https://files.pythonhosted.org/packages/35/5a/337e4663a5eae6de99db940ee8066d4145caafb61327db62deda15313cce/charset_normalizer-3.5.1-cp312-cp312-musllinux_1_2_riscv64.whl", hash = "sha256:7235dc28fc6dd9d832ac7c7bce95367dedb85929f17368a0c2bee1e080b9acbf", size = 242977, upload-time = "2026-08-15T08:17:25.157Z" },
    { url = "https://files.pythonhosted.org/packages/ca/85/f82f8a92e31c7519410e2e1afdc630f28ec47490ce2c09a11c1a43cbb459/charset_normalizer-3.5.1-cp312-cp312-musllinux_1_2_s390x.whl", hash = "sha256:4abdc5f9ad448c1ecbfae2974b820535d6bc6e7eef63babbab3d81cf46968c71", size = 260207, upload-time = "2026-08-15T08:17:26.602Z" },
    { url = "https://files.pythonhosted.org/packages/b7/52/643d11ffd60e9ac2fd1fb87e167a19285b9eefeff4a40e63c87cbfbeab36/charset_normalizer-3.5.1-cp312-cp312-musllinux_1_2_x86_64.whl", hash = "sha256:ba501e667c17d8411f98e67a022d9604ef179aff0e459b7e292c796837c13573", size = 250562, upload-time = "2026-08-15T08:17:27.971Z" },
    { url = "https://files.pythonhosted.org/packages/62/16/46556278c2168d12df9da7fede5dc6fc70e60301b26a82bbeec238c9cfe3/charset_normalizer-3.5.1-cp312-cp312-win32.whl", hash = "sha256:cfa1c0cc3a8f9f53f1243a5a99ac36fd003880199383b37672e86ddda9cb07e2", size = 178507, upload-time = "2026-08-15T08:17:29.277Z" },
    { url = "https://files.pythonhosted.org/packages/9d/7a/4c6c298171e6b3e745633180ff59350fc0ca0db1ffd28df1e369e0579f71/charset_normalizer-3.5.1-cp312-cp312-win_amd64.whl", hash = "sha256:3617ac3cfd8b9888f145ad89dd6e692285834b0201c6074a5eeaad3fd4d668c2", size = 200551, upload-time = "2026-08-15T08:17:30.668Z" },
    { url = "https://files.pythonhosted.org/packages/cd/d7/eb95a042f0dd22e304b0b6472b154f3546a1a039a9ee89ccb2a7f61591fc/charset_normalizer-3.5.1-cp312-cp312-win_arm64.whl", hash = "sha256:88e85ab89cb822c1e635f51d6d32e488f94e002e70e2f492bdb8b945543f345a", size = 180700, upload-time = "2026-08-15T08:17:32.028Z" },
    { url = "https://files.pythonhosted.org/packages/5b/97/fb4e82231aba271ffd775a1b4993b0defc4e3059f286ae41d9433409fe85/charset_normalizer-3.5.1-cp37-abi3-macosx_10_9_universal2.whl", hash = "sha256:41876ee62a3dddf48ff1121ad8f0798032aa03f2fd35f21f34a4cab14f18d8d2", size = 331467, upload-time = "2026-08-15T08:19:50.959Z" },
    { url = "https://files.pythonhosted.org/packages/9f/2f/fe3f187327aac18e2d54e9d2b08e15d27bf9b642d9e51c219f130fc34d1a/charset_normalizer-3.5.1-cp37-abi3-manylinux1_x86_64.manylinux_2_28_x86_64.manylinux_2_5_x86_64.whl", hash = "sha256:a6dac12ff6b846103483683f60c5f8fee205121adc58ffd87e90a90a3af69e99", size = 253057, upload-time = "2026-08-15T08:19:52.654Z" },
    { url = "https://files.pythonhosted.org/packages/d7/c7/9e48cee5c161fe24da823b61bf381921d77cb994a0a4de148e95018c1984/charset_normalizer-3.5.1-cp37-abi3-manylinux2014_aarch64.manylinux_2_17_aarch64.manylinux_2_28_aarch64.whl", hash = "sha256:cee5dd7c6fb5dd52a0fe2a740f9bc6e3593f5f8b1788bde49de02086f30182b2", size = 240930, upload-time = "2026-08-15T08:19:54.163Z" },
    { url = "https://files.pythonhosted.org/packages/49/e0/716601f3cc69be7b198951150c75ead1ece33c3c8036ff6ffa46029659a0/charset_normalizer-3.5.1-cp37-abi3-manylinux2014_armv7l.manylinux_2_17_armv7l.manylinux_2_31_armv7l.whl", hash = "sha256:343fb4f2821043bd87095f7b08a1a181febc8e36ac64212143bbfd0a0e1bc235", size = 230822, upload-time = "2026-08-15T08:19:55.807Z" },
    { url = "https://files.pythonhosted.org/packages/d3/05/71bfc5caa0abcc45aea1f6a4d50ac68e59605ddc7666fe8494f4cd229665/charset_normalizer-3.5.1-cp37-abi3-manylinux2014_ppc64le.manylinux_2_17_ppc64le.manylinux_2_28_ppc64le.whl", hash = "sha256:ae4a097991662cd4fff0ddc74e0fe7874f82e00042fa0ea00855645ed0c79598", size = 260037, upload-time = "2026-08-15T08:19:57.312Z" },
    { url = "https://files.pythonhosted.org/packages/c3/92/de7e32ed05341e7a9c4c877c318418197b7f2d66a3b68d561bf2ac57ca3e/charset_normalizer-3.5.1-cp37-abi3-manylinux2014_s390x.manylinux_2_17_s390x.manylinux_2_28_s390x.whl", hash = "sha256:4b599739b93b2cbeded49645ae3c8d1405c29ddfbceac1545c87a3f9580a9e96", size = 255097, upload-time = "2026-08-15T08:19:59.056Z" },
    { url = "https://files.pythonhosted.org/packages/f5/7b/ade0a122600319dfa0b1000ab0f9731c94a817904cf3c5de408c73a4ede7/charset_normalizer-3.5.1-cp37-abi3-manylinux_2_31_riscv64.manylinux_2_39_riscv64.whl", hash = "sha256:b39b69b347e5e47a3b5b8cfc005c68c1ba347474e3960236c4944a8ecd174962", size = 250166, upload-time = "2026-08-15T08:20:00.612Z" },
    { url = "https://files.pythonhosted.org/packages/75/9c/019fbb9f4834491a160951349b1a3714439376f66e5f7cf18b4f18f0c7aa/charset_normalizer-3.5.1-cp37-abi3-musllinux_1_2_aarch64.whl", hash = "sha256:a2028475ba855475b8b4d3cfeb4994269c967aea8b9892dfba907f4263a863a3", size = 241821, upload-time = "2026-08-15T08:20:02.321Z" },
    { url = "https://files.pythonhosted.org/packages/2b/b8/11d4840bfc99330cc7fbcc2681ee5a044553a6e77655508d8f9b2bff7b34/charset_normalizer-3.5.1-cp37-abi3-musllinux_1_2_armv7l.whl", hash = "sha256:36047af20e17097c3bb9476c2b7655f2f7aa51322c0ba58c07695bedf755a950", size = 232529, upload-time = "2026-08-15T08:20:04.008Z" },
    { url = "https://files.pythonhosted.org/packages/18/96/2b3a21492d9f65171ac75d872f5018260013d00bfa0ff70ec9f179148cbd/charset_normalizer-3.5.1-cp37-abi3-musllinux_1_2_ppc64le.whl", hash = "sha256:4c4fb141a727957c93edfe5c32a26ceb6b5f6461d67146e2d39f51e16170bea8", size = 260348, upload-time = "2026-08-15T08:20:05.877Z" },
    { url = "https://files.pythonhosted.org/packages/d6/aa/a69a2028e8bd052476c245460ab19d7de595de084dd968f2d75cd50c3e25/charset_normalizer-3.5.1-cp37-abi3-musllinux_1_2_riscv64.whl", hash = "sha256:2f293479cce755c75f1697e87c409b7ae4c555c7dfecb6e988ad13abba943031", size = 247234, upload-time = "2026-08-15T08:20:07.487Z" },
    { url = "https://files.pythonhosted.org/packages/35/8a/3d130aeabcaf3d2466af76b7b141c08d9e89c9016ab4b7cdd0f7dc2d1c62/charset_normalizer-3.5.1-cp37-abi3-musllinux_1_2_s390x.whl", hash = "sha256:3588e376b3ea2eea84976f67273d679f229e24c66dce7b82ae45aef04ff6e072", size = 256917, upload-time = "2026-08-15T08:20:09.142Z" },
    { url = "https://files.pythonhosted.org/packages/80/c2/a7379b840292d0c1ab9fbd17d1f3967aa81794dc95bc74be8999d7fedcf7/charset_normalizer-3.5.1-cp37-abi3-musllinux_1_2_x86_64.whl", hash = "sha256:e199fb99720074809a7720f1c0b4d919eea8b87e88713e0f8f602f7bef543d9d", size = 254846, upload-time = "2026-08-15T08:20:10.727Z" },
    { url = "https://files.pythonhosted.org/packages/01/65/d43b714731bb2f40d4053dfa00ecfc1c5a301f8e3316c5db3a09af59fe94/charset_normalizer-3.5.1-cp37-abi3-win32.whl", hash = "sha256:dd732602a7009217f658d5863d12d79d373a4de0eebc111094bcdd3bb8e0a6cc", size = 174216, upload-time = "2026-08-15T08:20:12.334Z" },
    { url = "https://files.pythonhosted.org/packages/35/4f/b911ed898b26a09789eba9c9200c999aff6c61b4bafaf4838e56d1a1e1a3/charset_normalizer-3.5.1-cp37-abi3-win_amd64.whl", hash = "sha256:70055ff39b97c99e7ae40ea3e393fb62aa2e44dbd9b29f8d14f42fb0025c3959", size = 199764, upload-time = "2026-08-15T08:20:13.908Z" },
    { url = "https://files.pythonhosted.org/packages/f0/a7/920baf467bfd9bf689f3b318340f37aee4572a71f162bd8db51da55ba4fa/charset_normalizer-3.5.1-cp37-abi3-win_arm64.whl", hash = "sha256:87e4f41d375c0b9be2fb5251aee4b8a689169e134535aed81bf085c3b647451e", size = 287318, upload-time = "2026-08-15T08:20:15.551Z" },
    { url = "https://files.pythonhosted.org/packages/cc/61/d01fc49b8dea277640b55a9e15960dbca9fdc8c9fde18e572d39c59f4019/charset_normalizer-3.5.1-py3-none-any.whl", hash = "sha256:6df0ec430f9a831772c23ca5a224cba36517a58a84bb32c32bb59a9fa67c47f6", size = 68658, upload-time = "2026-08-15T08:20:43.306Z" },
]

[[package]]
name = "click"
version = "8.5.0"
source = { registry = "https://pypi.org/simple" }
sdist = { url = "https://files.pythonhosted.org/packages/c7/0e/7fa0ef50764b67090eca4114772a2abf8b6148198475e54c660b97caeee6/click-8.5.0.tar.gz", hash = "sha256:ba0d2089de75ea0310e2dde03160e6ca10009947fb95a182f9b54021bb272e34", size = 382235, upload-time = "2026-08-26T13:33:14.56Z" }
wheels = [
    { url = "https://files.pythonhosted.org/packages/58/50/6c0d534c5f134586a8e1ba4e330569e32f057e33372ae556463212fb4cd3/click-8.5.0-py3-none-any.whl", hash = "sha256:255bc9599cf7748b4b1a446ccc735421bd08a2ae529a8b88597d3de5664ee360", size = 125251, upload-time = "2026-08-26T13:33:12.928Z" },
]

[[package]]
name = "colorama"
version = "0.4.6"
source = { registry = "https://pypi.org/simple" }
sdist = { url = "https://files.pythonhosted.org/packages/d8/53/6f443c9a4a8358a93a6792e2acffb9d9d5cb0a5cfd8802644b7b1c9a02e4/colorama-0.4.6.tar.gz", hash = "sha256:08695f5cb7ed6e0531a20572697297273c47b8cae5a63ffc6d6ed5c201be6e44", size = 27697, upload-time = "2022-10-25T02:36:22.414Z" }
wheels = [
    { url = "https://files.pythonhosted.org/packages/d1/d6/3965ed04c63042e047cb6a3e6ed1a63a35087b6a609aa3a15ed8ac56c221/colorama-0.4.6-py2.py3-none-any.whl", hash = "sha256:4f1d9991f5acc0ca119f9d443620b77f9d6b33703e51011c16baf57afb285fc6", size = 25335, upload-time = "2022-10-25T02:36:20.889Z" },
]

[[package]]
name = "fastapi"
version = "0.115.6"
source = { registry = "https://pypi.org/simple" }
dependencies = [
    { name = "pydantic" },
    { name = "starlette" },
    { name = "typing-extensions" },
]
sdist = { url = "https://files.pythonhosted.org/packages/93/72/d83b98cd106541e8f5e5bfab8ef2974ab45a62e8a6c5b5e6940f26d2ed4b/fastapi-0.115.6.tar.gz", hash = "sha256:9ec46f7addc14ea472958a96aae5b5de65f39721a46aaf5705c480d9a8b76654", size = 301336, upload-time = "2024-12-03T22:46:01.629Z" }
wheels = [
    { url = "https://files.pythonhosted.org/packages/52/b3/7e4df40e585df024fac2f80d1a2d579c854ac37109675db2b0cc22c0bb9e/fastapi-0.115.6-py3-none-any.whl", hash = "sha256:e9240b29e36fa8f4bb7290316988e90c381e5092e0cbe84e7818cc3713bcf305", size = 94843, upload-time = "2024-12-03T22:45:59.368Z" },
]

[[package]]
name = "h11"
version = "0.16.0"
source = { registry = "https://pypi.org/simple" }
sdist = { url = "https://files.pythonhosted.org/packages/01/ee/02a2c011bdab74c6fb3c75474d40b3052059d95df7e73351460c8588d963/h11-0.16.0.tar.gz", hash = "sha256:4e35b956cf45792e4caa5885e69fba00bdbc6ffafbfa020300e549b208ee5ff1", size = 101250, upload-time = "2025-04-24T03:35:25.427Z" }
wheels = [
    { url = "https://files.pythonhosted.org/packages/04/4b/29cac41a4d98d144bf5f6d33995617b185d14b22401f75ca86f384e87ff1/h11-0.16.0-py3-none-any.whl", hash = "sha256:63cf8bbe7522de3bf65932fda1d9c2772064ffb3dae62d55932da54b31cb6c86", size = 37515, upload-time = "2025-04-24T03:35:24.344Z" },
]

[[package]]
name = "httpcore"
version = "1.0.9"
source = { registry = "https://pypi.org/simple" }
dependencies = [
    { name = "certifi" },
    { name = "h11" },
]
sdist = { url = "https://files.pythonhosted.org/packages/06/94/82699a10bca87a5556c9c59b5963f2d039dbd239f25bc2a63907a05a14cb/httpcore-1.0.9.tar.gz", hash = "sha256:6e34463af53fd2ab5d807f399a9b45ea31c3dfa2276f15a2c3f00afff6e176e8", size = 85484, upload-time = "2025-04-24T22:06:22.219Z" }
wheels = [
    { url = "https://files.pythonhosted.org/packages/7e/f5/f66802a942d491edb555dd61e3a9961140fd64c90bce1eafd741609d334d/httpcore-1.0.9-py3-none-any.whl", hash = "sha256:2d400746a40668fc9dec9810239072b40b4484b640a8c38fd654a024c7a1bf55", size = 78784, upload-time = "2025-04-24T22:06:20.566Z" },
]

[[package]]
name = "httpx"
version = "0.28.1"
source = { registry = "https://pypi.org/simple" }
dependencies = [
    { name = "anyio" },
    { name = "certifi" },
    { name = "httpcore" },
    { name = "idna" },
]
sdist = { url = "https://files.pythonhosted.org/packages/b1/df/48c586a5fe32a0f01324ee087459e112ebb7224f646c0b5023f5e79e9956/httpx-0.28.1.tar.gz", hash = "sha256:75e98c5f16b0f35b567856f597f06ff2270a374470a5c2392242528e3e3e42fc", size = 141406, upload-time = "2024-12-06T15:37:23.222Z" }
wheels = [
    { url = "https://files.pythonhosted.org/packages/2a/39/e50c7c3a983047577ee07d2a9e53faf5a69493943ec3f6a384bdc792deb2/httpx-0.28.1-py3-none-any.whl", hash = "sha256:d909fcccc110f8c7faf814ca82a9a4d816bc5a6dbfea25d6591d6985b8ba59ad", size = 73517, upload-time = "2024-12-06T15:37:21.509Z" },
]

[[package]]
name = "idna"
version = "3.20"
source = { registry = "https://pypi.org/simple" }
sdist = { url = "https://files.pythonhosted.org/packages/f5/08/8eea9d4b8302028f3abb2c0813953f7aec26d33b7a8960ed760e65ff29fa/idna-3.20.tar.gz", hash = "sha256:a7db850025b95ded1eae8a46181a1a6c56c92c96f0e2b005d9ff8dc0210cab44", size = 216463, upload-time = "2026-09-17T14:11:04.752Z" }
wheels = [
    { url = "https://files.pythonhosted.org/packages/58/a2/bb081bab032533a855d44de1d56f8e8426114ff1ba5d1f07a438a0a654f8/idna-3.20-py3-none-any.whl", hash = "sha256:ab7ae7122974553370f0bdb919e1a960b2cd1bc1ef0276416d896db81c14582c", size = 69583, upload-time = "2026-09-17T14:11:03.168Z" },
]

[[package]]
name = "iniconfig"
version = "2.3.0"
source = { registry = "https://pypi.org/simple" }
sdist = { url = "https://files.pythonhosted.org/packages/72/34/14ca021ce8e5dfedc35312d08ba8bf51fdd999c576889fc2c24cb97f4f10/iniconfig-2.3.0.tar.gz", hash = "sha256:c76315c77db068650d49c5b56314774a7804df16fee4402c1f19d6d15d8c4730", size = 20503, upload-time = "2025-10-18T21:55:43.219Z" }
wheels = [
    { url = "https://files.pythonhosted.org/packages/cb/b1/3846dd7f199d53cb17f49cba7e651e9ce294d8497c8c150530ed11865bb8/iniconfig-2.3.0-py3-none-any.whl", hash = "sha256:f631c04d2c48c52b84d0d0549c99ff3859c98df65b3101406327ecc7d53fbf12", size = 7484, upload-time = "2025-10-18T21:55:41.639Z" },
]

[[package]]
name = "packaging"
version = "26.3"
source = { registry = "https://pypi.org/simple" }
sdist = { url = "https://files.pythonhosted.org/packages/7d/fa/3944b40b07da9ce895c0e6303a5ab7d53da063554f534556b134a54d6093/packaging-26.3.tar.gz", hash = "sha256:94edc256424af38762eb31306eed28beb9f0efc50a8837492c9d6fd6004aed79", size = 313412, upload-time = "2026-08-04T18:15:28.737Z" }
wheels = [
    { url = "https://files.pythonhosted.org/packages/63/34/ba1c580383c9eada3711951fef0795c80b829a078d72188184bcab9dd527/packaging-26.3-py3-none-any.whl", hash = "sha256:d7193f7c8e4e93f444fde0262bf90af30e16fa0ad0ad44cb553c87339b23cd1c", size = 129956, upload-time = "2026-08-04T18:15:27.159Z" },
]

[[package]]
name = "pluggy"
version = "1.6.0"
source = { registry = "https://pypi.org/simple" }
sdist = { url = "https://files.pythonhosted.org/packages/f9/e2/3e91f31a7d2b083fe6ef3fa267035b518369d9511ffab804f839851d2779/pluggy-1.6.0.tar.gz", hash = "sha256:7dcc130b76258d33b90f61b658791dede3486c3e6bfb003ee5c9bfb396dd22f3", size = 69412, upload-time = "2025-05-15T12:30:07.975Z" }
wheels = [
    { url = "https://files.pythonhosted.org/packages/54/20/4d324d65cc6d9205fabedc306948156824eb9f0ee1633355a8f7ec5c66bf/pluggy-1.6.0-py3-none-any.whl", hash = "sha256:e920276dd6813095e9377c0bc5566d94c932c33b27a3e3945d8389c374dd4746", size = 20538, upload-time = "2025-05-15T12:30:06.134Z" },
]

[[package]]
name = "pydantic"
version = "2.10.4"
source = { registry = "https://pypi.org/simple" }
dependencies = [
    { name = "annotated-types" },
    { name = "pydantic-core" },
    { name = "typing-extensions" },
]
sdist = { url = "https://files.pythonhosted.org/packages/70/7e/fb60e6fee04d0ef8f15e4e01ff187a196fa976eb0f0ab524af4599e5754c/pydantic-2.10.4.tar.gz", hash = "sha256:82f12e9723da6de4fe2ba888b5971157b3be7ad914267dea8f05f82b28254f06", size = 762094, upload-time = "2024-12-18T17:09:24.84Z" }
wheels = [
    { url = "https://files.pythonhosted.org/packages/f3/26/3e1bbe954fde7ee22a6e7d31582c642aad9e84ffe4b5fb61e63b87cd326f/pydantic-2.10.4-py3-none-any.whl", hash = "sha256:597e135ea68be3a37552fb524bc7d0d66dcf93d395acd93a00682f1efcb8ee3d", size = 431765, upload-time = "2024-12-18T17:09:21.953Z" },
]

[[package]]
name = "pydantic-core"
version = "2.27.2"
source = { registry = "https://pypi.org/simple" }
dependencies = [
    { name = "typing-extensions" },
]
sdist = { url = "https://files.pythonhosted.org/packages/fc/01/f3e5ac5e7c25833db5eb555f7b7ab24cd6f8c322d3a3ad2d67a952dc0abc/pydantic_core-2.27.2.tar.gz", hash = "sha256:eb026e5a4c1fee05726072337ff51d1efb6f59090b7da90d30ea58625b1ffb39", size = 413443, upload-time = "2024-12-18T11:31:54.917Z" }
wheels = [
    { url = "https://files.pythonhosted.org/packages/d6/74/51c8a5482ca447871c93e142d9d4a92ead74de6c8dc5e66733e22c9bba89/pydantic_core-2.27.2-cp312-cp312-macosx_10_12_x86_64.whl", hash = "sha256:9e0c8cfefa0ef83b4da9588448b6d8d2a2bf1a53c3f1ae5fca39eb3061e2f0b0", size = 1893127, upload-time = "2024-12-18T11:28:30.346Z" },
    { url = "https://files.pythonhosted.org/packages/d3/f3/c97e80721735868313c58b89d2de85fa80fe8dfeeed84dc51598b92a135e/pydantic_core-2.27.2-cp312-cp312-macosx_11_0_arm64.whl", hash = "sha256:83097677b8e3bd7eaa6775720ec8e0405f1575015a463285a92bfdfe254529ef", size = 1811340, upload-time = "2024-12-18T11:28:32.521Z" },
    { url = "https://files.pythonhosted.org/packages/9e/91/840ec1375e686dbae1bd80a9e46c26a1e0083e1186abc610efa3d9a36180/pydantic_core-2.27.2-cp312-cp312-manylinux_2_17_aarch64.manylinux2014_aarch64.whl", hash = "sha256:172fce187655fece0c90d90a678424b013f8fbb0ca8b036ac266749c09438cb7", size = 1822900, upload-time = "2024-12-18T11:28:34.507Z" },
    { url = "https://files.pythonhosted.org/packages/f6/31/4240bc96025035500c18adc149aa6ffdf1a0062a4b525c932065ceb4d868/pydantic_core-2.27.2-cp312-cp312-manylinux_2_17_armv7l.manylinux2014_armv7l.whl", hash = "sha256:519f29f5213271eeeeb3093f662ba2fd512b91c5f188f3bb7b27bc5973816934", size = 1869177, upload-time = "2024-12-18T11:28:36.488Z" },
    { url = "https://files.pythonhosted.org/packages/fa/20/02fbaadb7808be578317015c462655c317a77a7c8f0ef274bc016a784c54/pydantic_core-2.27.2-cp312-cp312-manylinux_2_17_ppc64le.manylinux2014_ppc64le.whl", hash = "sha256:05e3a55d124407fffba0dd6b0c0cd056d10e983ceb4e5dbd10dda135c31071d6", size = 2038046, upload-time = "2024-12-18T11:28:39.409Z" },
    { url = "https://files.pythonhosted.org/packages/06/86/7f306b904e6c9eccf0668248b3f272090e49c275bc488a7b88b0823444a4/pydantic_core-2.27.2-cp312-cp312-manylinux_2_17_s390x.manylinux2014_s390x.whl", hash = "sha256:9c3ed807c7b91de05e63930188f19e921d1fe90de6b4f5cd43ee7fcc3525cb8c", size = 2685386, upload-time = "2024-12-18T11:28:41.221Z" },
    { url = "https://files.pythonhosted.org/packages/8d/f0/49129b27c43396581a635d8710dae54a791b17dfc50c70164866bbf865e3/pydantic_core-2.27.2-cp312-cp312-manylinux_2_17_x86_64.manylinux2014_x86_64.whl", hash = "sha256:6fb4aadc0b9a0c063206846d603b92030eb6f03069151a625667f982887153e2", size = 1997060, upload-time = "2024-12-18T11:28:44.709Z" },
    { url = "https://files.pythonhosted.org/packages/0d/0f/943b4af7cd416c477fd40b187036c4f89b416a33d3cc0ab7b82708a667aa/pydantic_core-2.27.2-cp312-cp312-manylinux_2_5_i686.manylinux1_i686.whl", hash = "sha256:28ccb213807e037460326424ceb8b5245acb88f32f3d2777427476e1b32c48c4", size = 2004870, upload-time = "2024-12-18T11:28:46.839Z" },
    { url = "https://files.pythonhosted.org/packages/35/40/aea70b5b1a63911c53a4c8117c0a828d6790483f858041f47bab0b779f44/pydantic_core-2.27.2-cp312-cp312-musllinux_1_1_aarch64.whl", hash = "sha256:de3cd1899e2c279b140adde9357c4495ed9d47131b4a4eaff9052f23398076b3", size = 1999822, upload-time = "2024-12-18T11:28:48.896Z" },
    { url = "https://files.pythonhosted.org/packages/f2/b3/807b94fd337d58effc5498fd1a7a4d9d59af4133e83e32ae39a96fddec9d/pydantic_core-2.27.2-cp312-cp312-musllinux_1_1_armv7l.whl", hash = "sha256:220f892729375e2d736b97d0e51466252ad84c51857d4d15f5e9692f9ef12be4", size = 2130364, upload-time = "2024-12-18T11:28:50.755Z" },
    { url = "https://files.pythonhosted.org/packages/fc/df/791c827cd4ee6efd59248dca9369fb35e80a9484462c33c6649a8d02b565/pydantic_core-2.27.2-cp312-cp312-musllinux_1_1_x86_64.whl", hash = "sha256:a0fcd29cd6b4e74fe8ddd2c90330fd8edf2e30cb52acda47f06dd615ae72da57", size = 2158303, upload-time = "2024-12-18T11:28:54.122Z" },
    { url = "https://files.pythonhosted.org/packages/9b/67/4e197c300976af185b7cef4c02203e175fb127e414125916bf1128b639a9/pydantic_core-2.27.2-cp312-cp312-win32.whl", hash = "sha256:1e2cb691ed9834cd6a8be61228471d0a503731abfb42f82458ff27be7b2186fc", size = 1834064, upload-time = "2024-12-18T11:28:56.074Z" },
    { url = "https://files.pythonhosted.org/packages/1f/ea/cd7209a889163b8dcca139fe32b9687dd05249161a3edda62860430457a5/pydantic_core-2.27.2-cp312-cp312-win_amd64.whl", hash = "sha256:cc3f1a99a4f4f9dd1de4fe0312c114e740b5ddead65bb4102884b384c15d8bc9", size = 1989046, upload-time = "2024-12-18T11:28:58.107Z" },
    { url = "https://files.pythonhosted.org/packages/bc/49/c54baab2f4658c26ac633d798dab66b4c3a9bbf47cff5284e9c182f4137a/pydantic_core-2.27.2-cp312-cp312-win_arm64.whl", hash = "sha256:3911ac9284cd8a1792d3cb26a2da18f3ca26c6908cc434a18f730dc0db7bfa3b", size = 1885092, upload-time = "2024-12-18T11:29:01.335Z" },
]

[[package]]
name = "pytest"
version = "8.3.4"
source = { registry = "https://pypi.org/simple" }
dependencies = [
    { name = "colorama", marker = "sys_platform == 'win32'" },
    { name = "iniconfig" },
    { name = "packaging" },
    { name = "pluggy" },
]
sdist = { url = "https://files.pythonhosted.org/packages/05/35/30e0d83068951d90a01852cb1cef56e5d8a09d20c7f511634cc2f7e0372a/pytest-8.3.4.tar.gz", hash = "sha256:965370d062bce11e73868e0335abac31b4d3de0e82f4007408d242b4f8610761", size = 1445919, upload-time = "2024-12-01T12:54:25.98Z" }
wheels = [
    { url = "https://files.pythonhosted.org/packages/11/92/76a1c94d3afee238333bc0a42b82935dd8f9cf8ce9e336ff87ee14d9e1cf/pytest-8.3.4-py3-none-any.whl", hash = "sha256:50e16d954148559c9a74109af1eaf0c945ba2d8f30f0a3d3335edde19788b6f6", size = 343083, upload-time = "2024-12-01T12:54:19.735Z" },
]

[[package]]
name = "pytest-asyncio"
version = "0.25.2"
source = { registry = "https://pypi.org/simple" }
dependencies = [
    { name = "pytest" },
]
sdist = { url = "https://files.pythonhosted.org/packages/72/df/adcc0d60f1053d74717d21d58c0048479e9cab51464ce0d2965b086bd0e2/pytest_asyncio-0.25.2.tar.gz", hash = "sha256:3f8ef9a98f45948ea91a0ed3dc4268b5326c0e7bce73892acc654df4262ad45f", size = 53950, upload-time = "2025-01-08T06:20:29.31Z" }
wheels = [
    { url = "https://files.pythonhosted.org/packages/61/d8/defa05ae50dcd6019a95527200d3b3980043df5aa445d40cb0ef9f7f98ab/pytest_asyncio-0.25.2-py3-none-any.whl", hash = "sha256:0d0bb693f7b99da304a0634afc0a4b19e49d5e0de2d670f38dc4bfa5727c5075", size = 19400, upload-time = "2025-01-08T06:20:27.862Z" },
]

[[package]]
name = "pytest-socket"
version = "0.7.0"
source = { registry = "https://pypi.org/simple" }
dependencies = [
    { name = "pytest" },
]
sdist = { url = "https://files.pythonhosted.org/packages/05/ff/90c7e1e746baf3d62ce864c479fd53410b534818b9437413903596f81580/pytest_socket-0.7.0.tar.gz", hash = "sha256:71ab048cbbcb085c15a4423b73b619a8b35d6a307f46f78ea46be51b1b7e11b3", size = 12389, upload-time = "2024-01-28T20:17:23.177Z" }
wheels = [
    { url = "https://files.pythonhosted.org/packages/19/58/5d14cb5cb59409e491ebe816c47bf81423cd03098ea92281336320ae5681/pytest_socket-0.7.0-py3-none-any.whl", hash = "sha256:7e0f4642177d55d317bbd58fc68c6bd9048d6eadb2d46a89307fa9221336ce45", size = 6754, upload-time = "2024-01-28T20:17:22.105Z" },
]

[[package]]
name = "pyyaml"
version = "6.0.2"
source = { registry = "https://pypi.org/simple" }
sdist = { url = "https://files.pythonhosted.org/packages/54/ed/79a089b6be93607fa5cdaedf301d7dfb23af5f25c398d5ead2525b063e17/pyyaml-6.0.2.tar.gz", hash = "sha256:d584d9ec91ad65861cc08d42e834324ef890a082e591037abe114850ff7bbc3e", size = 130631, upload-time = "2024-08-06T20:33:50.674Z" }
wheels = [
    { url = "https://files.pythonhosted.org/packages/86/0c/c581167fc46d6d6d7ddcfb8c843a4de25bdd27e4466938109ca68492292c/PyYAML-6.0.2-cp312-cp312-macosx_10_9_x86_64.whl", hash = "sha256:c70c95198c015b85feafc136515252a261a84561b7b1d51e3384e0655ddf25ab", size = 183873, upload-time = "2024-08-06T20:32:25.131Z" },
    { url = "https://files.pythonhosted.org/packages/a8/0c/38374f5bb272c051e2a69281d71cba6fdb983413e6758b84482905e29a5d/PyYAML-6.0.2-cp312-cp312-macosx_11_0_arm64.whl", hash = "sha256:ce826d6ef20b1bc864f0a68340c8b3287705cae2f8b4b1d932177dcc76721725", size = 173302, upload-time = "2024-08-06T20:32:26.511Z" },
    { url = "https://files.pythonhosted.org/packages/c3/93/9916574aa8c00aa06bbac729972eb1071d002b8e158bd0e83a3b9a20a1f7/PyYAML-6.0.2-cp312-cp312-manylinux_2_17_aarch64.manylinux2014_aarch64.whl", hash = "sha256:1f71ea527786de97d1a0cc0eacd1defc0985dcf6b3f17bb77dcfc8c34bec4dc5", size = 739154, upload-time = "2024-08-06T20:32:28.363Z" },
    { url = "https://files.pythonhosted.org/packages/95/0f/b8938f1cbd09739c6da569d172531567dbcc9789e0029aa070856f123984/PyYAML-6.0.2-cp312-cp312-manylinux_2_17_s390x.manylinux2014_s390x.whl", hash = "sha256:9b22676e8097e9e22e36d6b7bda33190d0d400f345f23d4065d48f4ca7ae0425", size = 766223, upload-time = "2024-08-06T20:32:30.058Z" },
    { url = "https://files.pythonhosted.org/packages/b9/2b/614b4752f2e127db5cc206abc23a8c19678e92b23c3db30fc86ab731d3bd/PyYAML-6.0.2-cp312-cp312-manylinux_2_17_x86_64.manylinux2014_x86_64.whl", hash = "sha256:80bab7bfc629882493af4aa31a4cfa43a4c57c83813253626916b8c7ada83476", size = 767542, upload-time = "2024-08-06T20:32:31.881Z" },
    { url = "https://files.pythonhosted.org/packages/d4/00/dd137d5bcc7efea1836d6264f049359861cf548469d18da90cd8216cf05f/PyYAML-6.0.2-cp312-cp312-musllinux_1_1_aarch64.whl", hash = "sha256:0833f8694549e586547b576dcfaba4a6b55b9e96098b36cdc7ebefe667dfed48", size = 731164, upload-time = "2024-08-06T20:32:37.083Z" },
    { url = "https://files.pythonhosted.org/packages/c9/1f/4f998c900485e5c0ef43838363ba4a9723ac0ad73a9dc42068b12aaba4e4/PyYAML-6.0.2-cp312-cp312-musllinux_1_1_x86_64.whl", hash = "sha256:8b9c7197f7cb2738065c481a0461e50ad02f18c78cd75775628afb4d7137fb3b", size = 756611, upload-time = "2024-08-06T20:32:38.898Z" },
    { url = "https://files.pythonhosted.org/packages/df/d1/f5a275fdb252768b7a11ec63585bc38d0e87c9e05668a139fea92b80634c/PyYAML-6.0.2-cp312-cp312-win32.whl", hash = "sha256:ef6107725bd54b262d6dedcc2af448a266975032bc85ef0172c5f059da6325b4", size = 140591, upload-time = "2024-08-06T20:32:40.241Z" },
    { url = "https://files.pythonhosted.org/packages/0c/e8/4f648c598b17c3d06e8753d7d13d57542b30d56e6c2dedf9c331ae56312e/PyYAML-6.0.2-cp312-cp312-win_amd64.whl", hash = "sha256:7e7401d0de89a9a855c839bc697c079a4af81cf878373abd7dc625847d25cbd8", size = 156338, upload-time = "2024-08-06T20:32:41.93Z" },
]

[[package]]
name = "regex"
version = "2026.9.10"
source = { registry = "https://pypi.org/simple" }
sdist = { url = "https://files.pythonhosted.org/packages/b9/5c/f403115361de25809e8f785686ec7096e30fef73be9ae35aa51da4e80abb/regex-2026.9.10.tar.gz", hash = "sha256:1e321e2c84f0e52c457f5ea5944f796d6e8e09cb99738ea98dcc1bfe402a128d", size = 417072, upload-time = "2026-09-09T21:00:21.521Z" }
wheels = [
    { url = "https://files.pythonhosted.org/packages/32/c8/bfbe893e90ee0148bd2860dd086f09b5d2080ca2b125f740c2e118c16982/regex-2026.9.10-cp312-cp312-macosx_10_13_universal2.whl", hash = "sha256:880ac684c27176464c00c3fdc456116364f5ebc70da07aad0c2d4a7ba45e98db", size = 496609, upload-time = "2026-09-09T20:57:09.987Z" },
    { url = "https://files.pythonhosted.org/packages/8c/ac/56d5ae6efb759255c3b3db650a4be25f96a844ea3613b91e1e189a3b7294/regex-2026.9.10-cp312-cp312-macosx_10_13_x86_64.whl", hash = "sha256:b9d36b03dc362aa40ffaaec9d9bd75e87763529563ec008c43b0e07782f5be7a", size = 297024, upload-time = "2026-09-09T20:57:11.35Z" },
    { url = "https://files.pythonhosted.org/packages/60/4b/0f2d5f6bbb791cc10f22f0ed16c487e630dde8fa8fa0bd92a2bfe21a4b20/regex-2026.9.10-cp312-cp312-macosx_11_0_arm64.whl", hash = "sha256:866de9f98df0611d7b62b3a8729d3284a64c0cc6edd90bb95a533e443a4939cb", size = 291905, upload-time = "2026-09-09T20:57:13.127Z" },
    { url = "https://files.pythonhosted.org/packages/89/51/3fb5fe0d32f4cf0bc982286722c729a8d6f522d2fa2d5d14a702d9fc87f8/regex-2026.9.10-cp312-cp312-manylinux2014_aarch64.manylinux_2_17_aarch64.manylinux_2_28_aarch64.whl", hash = "sha256:4c66d54042a14a503907d81861b8a5235e6d1f03d4fbc1d8767f652eaf957ac1", size = 800055, upload-time = "2026-09-09T20:57:14.68Z" },
    { url = "https://files.pythonhosted.org/packages/89/46/ee507bd2f9d4420f26a594b35c551d7194b66f5d7897f63730fae6ec05c1/regex-2026.9.10-cp312-cp312-manylinux2014_ppc64le.manylinux_2_17_ppc64le.manylinux_2_28_ppc64le.whl", hash = "sha256:032da15431c890d376f53547f0a6219f4f4cd19f3e4f11bdc321453b5bd207e4", size = 871133, upload-time = "2026-09-09T20:57:16.674Z" },
    { url = "https://files.pythonhosted.org/packages/d1/75/cbaa90689684f91b1bc017e7f8c6d9425c6bd299108db02482dc51376d8a/regex-2026.9.10-cp312-cp312-manylinux2014_s390x.manylinux_2_17_s390x.manylinux_2_28_s390x.whl", hash = "sha256:23ac9a28180f274d7dd7651fa131ad5b02d343b75df4b040737f0356223895dd", size = 919627, upload-time = "2026-09-09T20:57:18.402Z" },
    { url = "https://files.pythonhosted.org/packages/cb/f5/dcdf5e0d898024005cfcce631e3e934d111dfbe177ca0b7f253ae8a735a2/regex-2026.9.10-cp312-cp312-manylinux2014_x86_64.manylinux_2_17_x86_64.manylinux_2_28_x86_64.whl", hash = "sha256:2e67f8843f0e4b931f1fa860bf3bbe4134b714c0155cc5c7c0d7ea450230aae0", size = 804587, upload-time = "2026-09-09T20:57:19.859Z" },
    { url = "https://files.pythonhosted.org/packages/73/70/eedfe81c29bae266a06ab4250978361a9bccd474704d88d4f4ef4506dff8/regex-2026.9.10-cp312-cp312-manylinux_2_31_riscv64.manylinux_2_39_riscv64.whl", hash = "sha256:bb7774924f8cd69f49cba0b3c2d679a6326f777e0e67d130ad5203e4df53f0d3", size = 777320, upload-time = "2026-09-09T20:57:21.62Z" },
    { url = "https://files.pythonhosted.org/packages/ca/e5/86b207077efbcd91305700488f170b7eb1e1c54721cea74175273aa3b9a4/regex-2026.9.10-cp312-cp312-musllinux_1_2_aarch64.whl", hash = "sha256:0c32480f3371b75068decaf9e5da72c224e953830dd71e36e06cf80e30ea39d8", size = 790572, upload-time = "2026-09-09T20:57:23.048Z" },
    { url = "https://files.pythonhosted.org/packages/b2/92/f622c3b2323f4c035b98e80221740a442127ad7993135b814f52057430db/regex-2026.9.10-cp312-cp312-musllinux_1_2_ppc64le.whl", hash = "sha256:d2d377fd1cad611b806cdd732d86b65f536c768209890cb442556548daa65a23", size = 865485, upload-time = "2026-09-09T20:57:24.658Z" },
    { url = "https://files.pythonhosted.org/packages/4a/be/34bd621d3d6ac906ad67e57ed56c40cd45f7d51b9c0328335e97a7cb8ecb/regex-2026.9.10-cp312-cp312-musllinux_1_2_riscv64.whl", hash = "sha256:c014641157e9049b0603b8daa5343bd408d9b757b709aaa0f373cd3fab2d7944", size = 767925, upload-time = "2026-09-09T20:57:26.268Z" },
    { url = "https://files.pythonhosted.org/packages/0d/28/ddbf7cba86f2adf5038c6c16aa829636ffc6e437f81bb0cbf302899cea5e/regex-2026.9.10-cp312-cp312-musllinux_1_2_s390x.whl", hash = "sha256:1562aabd9d4eb09bd88a62ad97ed06800094b529ac43419e43020b9cefec79b0", size = 858800, upload-time = "2026-09-09T20:57:27.901Z" },
    { url = "https://files.pythonhosted.org/packages/d0/f1/e8d7656ff3d3bd32e881d32f540b4981c79dee61908d6b790a45966e6895/regex-2026.9.10-cp312-cp312-musllinux_1_2_x86_64.whl", hash = "sha256:2479171edccced52ef02b899558f88ab2c235fe05b93180fdcae1670aacd89e1", size = 791648, upload-time = "2026-09-09T20:57:29.786Z" },
    { url = "https://files.pythonhosted.org/packages/fc/65/eac1a79115c8475d8ff539602eb54031564d719fdea5a599c4b0a1a26d1b/regex-2026.9.10-cp312-cp312-win32.whl", hash = "sha256:239620b0e0681669367c0e218c8eb2551d9f8fe3b9fccfc8d0003377804e8348", size = 267326, upload-time = "2026-09-09T20:57:31.782Z" },
    { url = "https://files.pythonhosted.org/packages/ad/d4/4dcd0a05d3e97ca829165df1c39717f899d1d484dac8a6032439f2cb8d6d/regex-2026.9.10-cp312-cp312-win_amd64.whl", hash = "sha256:4db7d00c4afbfbb55b8e17b1e371da11418ea9389b030acec63c1fa4c7ad4b86", size = 277933, upload-time = "2026-09-09T20:57:33.648Z" },
    { url = "https://files.pythonhosted.org/packages/55/f8/22617a80dee28f2451011eae36bc26b3d78c4994ba87b5281d60acf9b6c0/regex-2026.9.10-cp312-cp312-win_arm64.whl", hash = "sha256:c25a754bb81a2edcfc3b65eda50f017d736f818112ed43e8aafd595cb00678ae", size = 277447, upload-time = "2026-09-09T20:57:35.156Z" },
]

[[package]]
name = "requests"
version = "2.34.2"
source = { registry = "https://pypi.org/simple" }
dependencies = [
    { name = "certifi" },
    { name = "charset-normalizer" },
    { name = "idna" },
    { name = "urllib3" },
]
sdist = { url = "https://files.pythonhosted.org/packages/ac/c3/e2a2b89f2d3e2179abd6d00ebd70bff6273f37fb3e0cc209f48b39d00cbf/requests-2.34.2.tar.gz", hash = "sha256:f288924cae4e29463698d6d60bc6a4da69c89185ad1e0bcc4104f584e960b9ed", size = 142856, upload-time = "2026-05-14T19:25:27.735Z" }
wheels = [
    { url = "https://files.pythonhosted.org/packages/a0/f4/c67b0b3f1b9245e8d266f0f112c500d50e5b4e83cb6f3b71b6528104182a/requests-2.34.2-py3-none-any.whl", hash = "sha256:2a0d60c172f83ac6ab31e4554906c0f3b3588d37b5cb939b1c061f4907e278e0", size = 73075, upload-time = "2026-05-14T19:25:26.443Z" },
]

[[package]]
name = "starlette"
version = "0.41.3"
source = { registry = "https://pypi.org/simple" }
dependencies = [
    { name = "anyio" },
]
sdist = { url = "https://files.pythonhosted.org/packages/1a/4c/9b5764bd22eec91c4039ef4c55334e9187085da2d8a2df7bd570869aae18/starlette-0.41.3.tar.gz", hash = "sha256:0e4ab3d16522a255be6b28260b938eae2482f98ce5cc934cb08dce8dc3ba5835", size = 2574159, upload-time = "2024-11-18T19:45:04.283Z" }
wheels = [
    { url = "https://files.pythonhosted.org/packages/96/00/2b325970b3060c7cecebab6d295afe763365822b1306a12eeab198f74323/starlette-0.41.3-py3-none-any.whl", hash = "sha256:44cedb2b7c77a9de33a8b74b2b90e9f50d11fcf25d8270ea525ad71a25374ff7", size = 73225, upload-time = "2024-11-18T19:45:02.027Z" },
]

[[package]]
name = "tiktoken"
version = "0.8.0"
source = { registry = "https://pypi.org/simple" }
dependencies = [
    { name = "regex" },
    { name = "requests" },
]
sdist = { url = "https://files.pythonhosted.org/packages/37/02/576ff3a6639e755c4f70997b2d315f56d6d71e0d046f4fb64cb81a3fb099/tiktoken-0.8.0.tar.gz", hash = "sha256:9ccbb2740f24542534369c5635cfd9b2b3c2490754a78ac8831d99f89f94eeb2", size = 35107, upload-time = "2024-10-03T22:44:04.196Z" }
wheels = [
    { url = "https://files.pythonhosted.org/packages/c1/22/34b2e136a6f4af186b6640cbfd6f93400783c9ef6cd550d9eab80628d9de/tiktoken-0.8.0-cp312-cp312-macosx_10_13_x86_64.whl", hash = "sha256:881839cfeae051b3628d9823b2e56b5cc93a9e2efb435f4cf15f17dc45f21586", size = 1039357, upload-time = "2024-10-03T22:43:36.362Z" },
    { url = "https://files.pythonhosted.org/packages/04/d2/c793cf49c20f5855fd6ce05d080c0537d7418f22c58e71f392d5e8c8dbf7/tiktoken-0.8.0-cp312-cp312-macosx_11_0_arm64.whl", hash = "sha256:fe9399bdc3f29d428f16a2f86c3c8ec20be3eac5f53693ce4980371c3245729b", size = 982616, upload-time = "2024-10-03T22:43:37.658Z" },
    { url = "https://files.pythonhosted.org/packages/b3/a1/79846e5ef911cd5d75c844de3fa496a10c91b4b5f550aad695c5df153d72/tiktoken-0.8.0-cp312-cp312-manylinux_2_17_aarch64.manylinux2014_aarch64.whl", hash = "sha256:9a58deb7075d5b69237a3ff4bb51a726670419db6ea62bdcd8bd80c78497d7ab", size = 1144011, upload-time = "2024-10-03T22:43:39.092Z" },
    { url = "https://files.pythonhosted.org/packages/26/32/e0e3a859136e95c85a572e4806dc58bf1ddf651108ae8b97d5f3ebe1a244/tiktoken-0.8.0-cp312-cp312-manylinux_2_17_x86_64.manylinux2014_x86_64.whl", hash = "sha256:d2908c0d043a7d03ebd80347266b0e58440bdef5564f84f4d29fb235b5df3b04", size = 1175432, upload-time = "2024-10-03T22:43:40.323Z" },
    { url = "https://files.pythonhosted.org/packages/c7/89/926b66e9025b97e9fbabeaa59048a736fe3c3e4530a204109571104f921c/tiktoken-0.8.0-cp312-cp312-musllinux_1_2_x86_64.whl", hash = "sha256:294440d21a2a51e12d4238e68a5972095534fe9878be57d905c476017bff99fc", size = 1236576, upload-time = "2024-10-03T22:43:41.516Z" },
    { url = "https://files.pythonhosted.org/packages/45/e2/39d4aa02a52bba73b2cd21ba4533c84425ff8786cc63c511d68c8897376e/tiktoken-0.8.0-cp312-cp312-win_amd64.whl", hash = "sha256:d8f3192733ac4d77977432947d563d7e1b310b96497acd3c196c9bddb36ed9db", size = 883824, upload-time = "2024-10-03T22:43:43.33Z" },
]

[[package]]
name = "typing-extensions"
version = "4.16.0"
source = { registry = "https://pypi.org/simple" }
sdist = { url = "https://files.pythonhosted.org/packages/f6/cc/6253133b5bb138fc3306cebfbda2c520f545d36b5be2c7255cc528bb45d6/typing_extensions-4.16.0.tar.gz", hash = "sha256:dc983d19a509c94dba722ee6abd33940f7c05a89e243c47e907eb4db6f1a43e5", size = 113555, upload-time = "2026-07-02T08:40:05.92Z" }
wheels = [
    { url = "https://files.pythonhosted.org/packages/49/d3/b8441a820a491ddfc024b0b0cf0393375b75ea13866d9c66727e54c2fc80/typing_extensions-4.16.0-py3-none-any.whl", hash = "sha256:481caa481374e813c1b176ada14e97f1f67a4539ce9cfeb3f350d78d6370c2e8", size = 45571, upload-time = "2026-07-02T08:40:04.659Z" },
]

[[package]]
name = "urllib3"
version = "2.8.0"
source = { registry = "https://pypi.org/simple" }
sdist = { url = "https://files.pythonhosted.org/packages/e3/05/b17359e1cefb4f909b5e40b1b90a496d987258916dbbf88e842c729f510e/urllib3-2.8.0.tar.gz", hash = "sha256:63bf2ead4c879426ebf22ef2a781eeb4aa3b4ae798a0435506f8687fd5bb9b63", size = 458972, upload-time = "2026-09-15T19:29:36.253Z" }
wheels = [
    { url = "https://files.pythonhosted.org/packages/92/9d/c4e665119135114480843e7ab388fa94d8480650450e6f8e26b70d323a4c/urllib3-2.8.0-py3-none-any.whl", hash = "sha256:0cf3cae568d36aa9576b28dfb35f11328f1cb974ca7647d9475ebb86c75ac6e3", size = 135717, upload-time = "2026-09-15T19:29:34.577Z" },
]

[[package]]
name = "uvicorn"
version = "0.32.1"
source = { registry = "https://pypi.org/simple" }
dependencies = [
    { name = "click" },
    { name = "h11" },
]
sdist = { url = "https://files.pythonhosted.org/packages/6a/3c/21dba3e7d76138725ef307e3d7ddd29b763119b3aa459d02cc05fefcff75/uvicorn-0.32.1.tar.gz", hash = "sha256:ee9519c246a72b1c084cea8d3b44ed6026e78a4a309cbedae9c37e4cb9fbb175", size = 77630, upload-time = "2024-11-20T19:41:13.341Z" }
wheels = [
    { url = "https://files.pythonhosted.org/packages/50/c1/2d27b0a15826c2b71dcf6e2f5402181ef85acf439617bb2f1453125ce1f3/uvicorn-0.32.1-py3-none-any.whl", hash = "sha256:82ad92fd58da0d12af7482ecdb5f2470a04c9c9a53ced65b9bbb4a205377602e", size = 63828, upload-time = "2024-11-20T19:41:11.244Z" },
]

[[package]]
name = "worldsim"
version = "0.1.0"
source = { editable = "." }
dependencies = [
    { name = "asyncpg" },
    { name = "fastapi" },
    { name = "httpx" },
    { name = "pydantic" },
    { name = "pyyaml" },
    { name = "uvicorn" },
]

[package.dev-dependencies]
dev = [
    { name = "pytest" },
    { name = "pytest-asyncio" },
    { name = "pytest-socket" },
    { name = "tiktoken" },
]

[package.metadata]
requires-dist = [
    { name = "asyncpg", specifier = "==0.30.0" },
    { name = "fastapi", specifier = "==0.115.6" },
    { name = "httpx", specifier = "==0.28.1" },
    { name = "pydantic", specifier = "==2.10.4" },
    { name = "pyyaml", specifier = "==6.0.2" },
    { name = "uvicorn", specifier = "==0.32.1" },
]

[package.metadata.requires-dev]
dev = [
    { name = "pytest", specifier = "==8.3.4" },
    { name = "pytest-asyncio", specifier = "==0.25.2" },
    { name = "pytest-socket", specifier = "==0.7.0" },
    { name = "tiktoken", specifier = "==0.8.0" },
]
